// !$*UTF8*$!
{
	archiveVersion = 1;
	classes = {
	};
	objectVersion = 50;
	objects = {

/* Begin PBXBuildFile section */
		C011CE7A215E57C800B6247F /* CXAddActionViewController.m in Sources */ = {isa = PBXBuildFile; fileRef = C011CE79215E57C800B6247F /* CXAddActionViewController.m */; };
		C011CE7D215E57F300B6247F /* CXJumpAppViewController.m in Sources */ = {isa = PBXBuildFile; fileRef = C011CE7C215E57F300B6247F /* CXJumpAppViewController.m */; };
		C01D2DCB215B83F400557FE0 /* AppDelegate.m in Sources */ = {isa = PBXBuildFile; fileRef = C01D2DCA215B83F400557FE0 /* AppDelegate.m */; };
		C01D2DD1215B83F400557FE0 /* Main.storyboard in Resources */ = {isa = PBXBuildFile; fileRef = C01D2DCF215B83F400557FE0 /* Main.storyboard */; };
		C01D2DD3215B83F500557FE0 /* Assets.xcassets in Resources */ = {isa = PBXBuildFile; fileRef = C01D2DD2215B83F500557FE0 /* Assets.xcassets */; };
		C01D2DD6215B83F500557FE0 /* LaunchScreen.storyboard in Resources */ = {isa = PBXBuildFile; fileRef = C01D2DD4215B83F500557FE0 /* LaunchScreen.storyboard */; };
		C01D2DD9215B83F500557FE0 /* main.m in Sources */ = {isa = PBXBuildFile; fileRef = C01D2DD8215B83F500557FE0 /* main.m */; };
		C05B3BB9216340C900650D54 /* tu.jpg in Resources */ = {isa = PBXBuildFile; fileRef = C05B3BB8216340C900650D54 /* tu.jpg */; };
		C05B3BBB2163412F00650D54 /* no.pdf in Resources */ = {isa = PBXBuildFile; fileRef = C05B3BBA2163412F00650D54 /* no.pdf */; };
		C066C88C21675D10001254E4 /* CXAddCalendarEvent.m in Sources */ = {isa = PBXBuildFile; fileRef = C066C88B21675D10001254E4 /* CXAddCalendarEvent.m */; };
/* End PBXBuildFile section */

/* Begin PBXFileReference section */
		C011CE78215E57C800B6247F /* CXAddActionViewController.h */ = {isa = PBXFileReference; lastKnownFileType = sourcecode.c.h; path = CXAddActionViewController.h; sourceTree = "<group>"; };
		C011CE79215E57C800B6247F /* CXAddActionViewController.m */ = {isa = PBXFileReference; lastKnownFileType = sourcecode.c.objc; path = CXAddActionViewController.m; sourceTree = "<group>"; };
		C011CE7B215E57F300B6247F /* CXJumpAppViewController.h */ = {isa = PBXFileReference; lastKnownFileType = sourcecode.c.h; path = CXJumpAppViewController.h; sourceTree = "<group>"; };
		C011CE7C215E57F300B6247F /* CXJumpAppViewController.m */ = {isa = PBXFileReference; lastKnownFileType = sourcecode.c.objc; path = CXJumpAppViewController.m; sourceTree = "<group>"; };
		C01D2DC6215B83F400557FE0 /* CXJumpSystemApp.app */ = {isa = PBXFileReference; explicitFileType = wrapper.application; includeInIndex = 0; path = CXJumpSystemApp.app; sourceTree = BUILT_PRODUCTS_DIR; };
		C01D2DC9215B83F400557FE0 /* AppDelegate.h */ = {isa = PBXFileReference; lastKnownFileType = sourcecode.c.h; path = AppDelegate.h; sourceTree = "<group>"; };
		C01D2DCA215B83F400557FE0 /* AppDelegate.m */ = {isa = PBXFileReference; lastKnownFileType = sourcecode.c.objc; path = AppDelegate.m; sourceTree = "<group>"; };
		C01D2DD0215B83F400557FE0 /* Base */ = {isa = PBXFileReference; lastKnownFileType = file.storyboard; name = Base; path = Base.lproj/Main.storyboard; sourceTree = "<group>"; };
		C01D2DD2215B83F500557FE0 /* Assets.xcassets */ = {isa = PBXFileReference; lastKnownFileType = folder.assetcatalog; path = Assets.xcassets; sourceTree = "<group>"; };
		C01D2DD5215B83F500557FE0 /* Base */ = {isa = PBXFileReference; lastKnownFileType = file.storyboard; name = Base; path = Base.lproj/LaunchScreen.storyboard; sourceTree = "<group>"; };
		C01D2DD7215B83F500557FE0 /* Info.plist */ = {isa = PBXFileReference; lastKnownFileType = text.plist.xml; path = Info.plist; sourceTree = "<group>"; };
		C01D2DD8215B83F500557FE0 /* main.m */ = {isa = PBXFileReference; lastKnownFileType = sourcecode.c.objc; path = main.m; sourceTree = "<group>"; };
		C05B3BB8216340C900650D54 /* tu.jpg */ = {isa = PBXFileReference; lastKnownFileType = image.jpeg; path = tu.jpg; sourceTree = "<group>"; };
		C05B3BBA2163412F00650D54 /* no.pdf */ = {isa = PBXFileReference; lastKnownFileType = image.pdf; path = no.pdf; sourceTree = "<group>"; };
		C066C88A21675D10001254E4 /* CXAddCalendarEvent.h */ = {isa = PBXFileReference; lastKnownFileType = sourcecode.c.h; path = CXAddCalendarEvent.h; sourceTree = "<group>"; };
		C066C88B21675D10001254E4 /* CXAddCalendarEvent.m */ = {isa = PBXFileReference; lastKnownFileType = sourcecode.c.objc; path = CXAddCalendarEvent.m; sourceTree = "<group>"; };
/* End PBXFileReference section */

/* Begin PBXFrameworksBuildPhase section */
		C01D2DC3215B83F400557FE0 /* Frameworks */ = {
			isa = PBXFrameworksBuildPhase;
			buildActionMask = 2147483647;
			files = (
			);
			runOnlyForDeploymentPostprocessing = 0;
		};
/* End PBXFrameworksBuildPhase section */

/* Begin PBXGroup section */
		C01D2DBD215B83F400557FE0 = {
			isa = PBXGroup;
			children = (
				C01D2DC8215B83F400557FE0 /* CXJumpSystemApp */,
				C01D2DC7215B83F400557FE0 /* Products */,
			);
			sourceTree = "<group>";
		};
		C01D2DC7215B83F400557FE0 /* Products */ = {
			isa = PBXGroup;
			children = (
				C01D2DC6215B83F400557FE0 /* CXJumpSystemApp.app */,
			);
			name = Products;
			sourceTree = "<group>";
		};
		C01D2DC8215B83F400557FE0 /* CXJumpSystemApp */ = {
			isa = PBXGroup;
			children = (
				C01D2DC9215B83F400557FE0 /* AppDelegate.h */,
				C01D2DCA215B83F400557FE0 /* AppDelegate.m */,
				C011CE7B215E57F300B6247F /* CXJumpAppViewController.h */,
				C011CE7C215E57F300B6247F /* CXJumpAppViewController.m */,
				C011CE78215E57C800B6247F /* CXAddActionViewController.h */,
				C011CE79215E57C800B6247F /* CXAddActionViewController.m */,
				C066C88A21675D10001254E4 /* CXAddCalendarEvent.h */,
				C066C88B21675D10001254E4 /* CXAddCalendarEvent.m */,
				C01D2DCF215B83F400557FE0 /* Main.storyboard */,
				C01D2DD2215B83F500557FE0 /* Assets.xcassets */,
				C05B3BB8216340C900650D54 /* tu.jpg */,
				C05B3BBA2163412F00650D54 /* no.pdf */,
				C01D2DD4215B83F500557FE0 /* LaunchScreen.storyboard */,
				C01D2DD7215B83F500557FE0 /* Info.plist */,
				C01D2DD8215B83F500557FE0 /* main.m */,
			);
			path = CXJumpSystemApp;
			sourceTree = "<group>";
		};
/* End PBXGroup section */

/* Begin PBXNativeTarget section */
		C01D2DC5215B83F400557FE0 /* CXJumpSystemApp */ = {
			isa = PBXNativeTarget;
			buildConfigurationList = C01D2DDC215B83F500557FE0 /* Build configuration list for PBXNativeTarget "CXJumpSystemApp" */;
			buildPhases = (
				C01D2DC2215B83F400557FE0 /* Sources */,
				C01D2DC3215B83F400557FE0 /* Frameworks */,
				C01D2DC4215B83F400557FE0 /* Resources */,
			);
			buildRules = (
			);
			dependencies = (
			);
			name = CXJumpSystemApp;
			productName = CXJumpSystemApp;
			productReference = C01D2DC6215B83F400557FE0 /* CXJumpSystemApp.app */;
			productType = "com.apple.product-type.application";
		};
/* End PBXNativeTarget section */

/* Begin PBXProject section */
		C01D2DBE215B83F400557FE0 /* Project object */ = {
			isa = PBXProject;
			attributes = {
				LastUpgradeCheck = 0940;
				ORGANIZATIONNAME = "陈晓辉";
				TargetAttributes = {
					C01D2DC5215B83F400557FE0 = {
						CreatedOnToolsVersion = 9.4.1;
					};
				};
			};
			buildConfigurationList = C01D2DC1215B83F400557FE0 /* Build configuration list for PBXProject "CXJumpSystemApp" */;
			compatibilityVersion = "Xcode 9.3";
			developmentRegion = en;
			hasScannedForEncodings = 0;
			knownRegions = (
				en,
				Base,
			);
			mainGroup = C01D2DBD215B83F400557FE0;
			productRefGroup = C01D2DC7215B83F400557FE0 /* Products */;
			projectDirPath = "";
			projectRoot = "";
			targets = (
				C01D2DC5215B83F400557FE0 /* CXJumpSystemApp */,
			);
		};
/* End PBXProject section */

/* Begin PBXResourcesBuildPhase section */
		C01D2DC4215B83F400557FE0 /* Resources */ = {
			isa = PBXResourcesBuildPhase;
			buildActionMask = 2147483647;
			files = (
				C05B3BBB2163412F00650D54 /* no.pdf in Resources */,
				C01D2DD6215B83F500557FE0 /* LaunchScreen.storyboard in Resources */,
				C01D2DD3215B83F500557FE0 /* Assets.xcassets in Resources */,
				C05B3BB9216340C900650D54 /* tu.jpg in Resources */,
				C01D2DD1215B83F400557FE0 /* Main.storyboard in Resources */,
			);
			runOnlyForDeploymentPostprocessing = 0;
		};
/* End PBXResourcesBuildPhase section */

/* Begin PBXSourcesBuildPhase section */
		C01D2DC2215B83F400557FE0 /* Sources */ = {
			isa = PBXSourcesBuildPhase;
			buildActionMask = 2147483647;
			files = (
				C01D2DD9215B83F500557FE0 /* main.m in Sources */,
				C01D2DCB215B83F400557FE0 /* AppDelegate.m in Sources */,
				C011CE7A215E57C800B6247F /* CXAddActionViewController.m in Sources */,
				C011CE7D215E57F300B6247F /* CXJumpAppViewController.m in Sources */,
				C066C88C21675D10001254E4 /* CXAddCalendarEvent.m in Sources */,
			);
			runOnlyForDeploymentPostprocessing = 0;
		};
/* End PBXSourcesBuildPhase section */

/* Begin PBXVariantGroup section */
		C01D2DCF215B83F400557FE0 /* Main.storyboard */ = {
			isa = PBXVariantGroup;
			children = (
				C01D2DD0215B83F400557FE0 /* Base */,
			);
			name = Main.storyboard;
			sourceTree = "<group>";
		};
		C01D2DD4215B83F500557FE0 /* LaunchScreen.storyboard */ = {
			isa = PBXVariantGroup;
			children = (
				C01D2DD5215B83F500557FE0 /* Base */,
			);
			name = LaunchScreen.storyboard;
			sourceTree = "<group>";
		};
/* End PBXVariantGroup section */

/* Begin XCBuildConfiguration section */
		C01D2DDA215B83F500557FE0 /* Debug */ = {
			isa = XCBuildConfiguration;
			buildSettings = {
				ALWAYS_SEARCH_USER_PATHS = NO;
				CLANG_ANALYZER_NONNULL = YES;
				CLANG_ANALYZER_NUMBER_OBJECT_CONVERSION = YES_AGGRESSIVE;
				CLANG_CXX_LANGUAGE_STANDARD = "gnu++14";
				CLANG_CXX_LIBRARY = "libc++";
				CLANG_ENABLE_MODULES = YES;
				CLANG_ENABLE_OBJC_ARC = YES;
				CLANG_ENABLE_OBJC_WEAK = YES;
				CLANG_WARN_BLOCK_CAPTURE_AUTORELEASING = YES;
				CLANG_WARN_BOOL_CONVERSION = YES;
				CLANG_WARN_COMMA = YES;
				CLANG_WARN_CONSTANT_CONVERSION = YES;
				CLANG_WARN_DEPRECATED_OBJC_IMPLEMENTATIONS = YES;
				CLANG_WARN_DIRECT_OBJC_ISA_USAGE = YES_ERROR;
				CLANG_WARN_DOCUMENTATION_COMMENTS = YES;
				CLANG_WARN_EMPTY_BODY = YES;
				CLANG_WARN_ENUM_CONVERSION = YES;
				CLANG_WARN_INFINITE_RECURSION = YES;
				CLANG_WARN_INT_CONVERSION = YES;
				CLANG_WARN_NON_LITERAL_NULL_CONVERSION = YES;
				CLANG_WARN_OBJC_IMPLICIT_RETAIN_SELF = YES;
				CLANG_WARN_OBJC_LITERAL_CONVERSION = YES;
				CLANG_WARN_OBJC_ROOT_CLASS = YES_ERROR;
				CLANG_WARN_RANGE_LOOP_ANALYSIS = YES;
				CLANG_WARN_STRICT_PROTOTYPES = YES;
				CLANG_WARN_SUSPICIOUS_MOVE = YES;
				CLANG_WARN_UNGUARDED_AVAILABILITY = YES_AGGRESSIVE;
				CLANG_WARN_UNREACHABLE_CODE = YES;
				CLANG_WARN__DUPLICATE_METHOD_MATCH = YES;
				CODE_SIGN_IDENTITY = "iPhone Developer";
				COPY_PHASE_STRIP = NO;
				DEBUG_INFORMATION_FORMAT = dwarf;
				ENABLE_STRICT_OBJC_MSGSEND = YES;
				ENABLE_TESTABILITY = YES;
				GCC_C_LANGUAGE_STANDARD = gnu11;
				GCC_DYNAMIC_NO_PIC = NO;
				GCC_NO_COMMON_BLOCKS = YES;
				GCC_OPTIMIZATION_LEVEL = 0;
				GCC_PREPROCESSOR_DEFINITIONS = (
					"DEBUG=1",
					"$(inherited)",
				);
				GCC_WARN_64_TO_32_BIT_CONVERSION = YES;
				GCC_WARN_ABOUT_RETURN_TYPE = YES_ERROR;
				GCC_WARN_UNDECLARED_SELECTOR = YES;
				GCC_WARN_UNINITIALIZED_AUTOS = YES_AGGRESSIVE;
				GCC_WARN_UNUSED_FUNCTION = YES;
				GCC_WARN_UNUSED_VARIABLE = YES;
				IPHONEOS_DEPLOYMENT_TARGET = 11.4;
				MTL_ENABLE_DEBUG_INFO = YES;
				ONLY_ACTIVE_ARCH = YES;
				SDKROOT = iphoneos;
			};
			name = Debug;
		};
		C01D2DDB215B83F500557FE0 /* Release */ = {
			isa = XCBuildConfiguration;
			buildSettings = {
				ALWAYS_SEARCH_USER_PATHS = NO;
				CLANG_ANALYZER_NONNULL = YES;
				CLANG_ANALYZER_NUMBER_OBJECT_CONVERSION = YES_AGGRESSIVE;
				CLANG_CXX_LANGUAGE_STANDARD = "gnu++14";
				CLANG_CXX_LIBRARY = "libc++";
				CLANG_ENABLE_MODULES = YES;
				CLANG_ENABLE_OBJC_ARC = YES;
				CLANG_ENABLE_OBJC_WEAK = YES;
				CLANG_WARN_BLOCK_CAPTURE_AUTORELEASING = YES;
				CLANG_WARN_BOOL_CONVERSION = YES;
				CLANG_WARN_COMMA = YES;
				CLANG_WARN_CONSTANT_CONVERSION = YES;
				CLANG_WARN_DEPRECATED_OBJC_IMPLEMENTATIONS = YES;
				CLANG_WARN_DIRECT_OBJC_ISA_USAGE = YES_ERROR;
				CLANG_WARN_DOCUMENTATION_COMMENTS = YES;
				CLANG_WARN_EMPTY_BODY = YES;
				CLANG_WARN_ENUM_CONVERSION = YES;
				CLANG_WARN_INFINITE_RECURSION = YES;
				CLANG_WARN_INT_CONVERSION = YES;
				CLANG_WARN_NON_LITERAL_NULL_CONVERSION = YES;
				CLANG_WARN_OBJC_IMPLICIT_RETAIN_SELF = YES;
				CLANG_WARN_OBJC_LITERAL_CONVERSION = YES;
				CLANG_WARN_OBJC_ROOT_CLASS = YES_ERROR;
				CLANG_WARN_RANGE_LOOP_ANALYSIS = YES;
				CLANG_WARN_STRICT_PROTOTYPES = YES;
				CLANG_WARN_SUSPICIOUS_MOVE = YES;
				CLANG_WARN_UNGUARDED_AVAILABILITY = YES_AGGRESSIVE;
				CLANG_WARN_UNREACHABLE_CODE = YES;
				CLANG_WARN__DUPLICATE_METHOD_MATCH = YES;
				CODE_SIGN_IDENTITY = "iPhone Developer";
				COPY_PHASE_STRIP = NO;
				DEBUG_INFORMATION_FORMAT = "dwarf-with-dsym";
				ENABLE_NS_ASSERTIONS = NO;
				ENABLE_STRICT_OBJC_MSGSEND = YES;
				GCC_C_LANGUAGE_STANDARD = gnu11;
				GCC_NO_COMMON_BLOCKS = YES;
				GCC_WARN_64_TO_32_BIT_CONVERSION = YES;
				GCC_WARN_ABOUT_RETURN_TYPE = YES_ERROR;
				GCC_WARN_UNDECLARED_SELECTOR = YES;
				GCC_WARN_UNINITIALIZED_AUTOS = YES_AGGRESSIVE;
				GCC_WARN_UNUSED_FUNCTION = YES;
				GCC_WARN_UNUSED_VARIABLE = YES;
				IPHONEOS_DEPLOYMENT_TARGET = 11.4;
				MTL_ENABLE_DEBUG_INFO = NO;
				SDKROOT = iphoneos;
				VALIDATE_PRODUCT = YES;
			};
			name = Release;
		};
		C01D2DDD215B83F500557FE0 /* Debug */ = {
			isa = XCBuildConfiguration;
			buildSettings = {
				ASSETCATALOG_COMPILER_APPICON_NAME = AppIcon;
				CODE_SIGN_STYLE = Automatic;
				DEVELOPMENT_TEAM = 3RTPA62VT2;
				INFOPLIST_FILE = CXJumpSystemApp/Info.plist;
				IPHONEOS_DEPLOYMENT_TARGET = 11.0;
				LD_RUNPATH_SEARCH_PATHS = (
					"$(inherited)",
					"@executable_path/Frameworks",
				);
				PRODUCT_BUNDLE_IDENTIFIER = chenXiaoHui.CXJumpSystemApp;
				PRODUCT_NAME = "$(TARGET_NAME)";
				TARGETED_DEVICE_FAMILY = "1,2";
			};
			name = Debug;
		};
		C01D2DDE215B83F500557FE0 /* Release */ = {
			isa = XCBuildConfiguration;
			buildSettings = {
				ASSETCATALOG_COMPILER_APPICON_NAME = AppIcon;
				CODE_SIGN_STYLE = Automatic;
				DEVELOPMENT_TEAM = 3RTPA62VT2;
				INFOPLIST_FILE = CXJumpSystemApp/Info.plist;
				IPHONEOS_DEPLOYMENT_TARGET = 11.0;
				LD_RUNPATH_SEARCH_PATHS = (
					"$(inherited)",
					"@executable_path/Frameworks",
				);
				PRODUCT_BUNDLE_IDENTIFIER = chenXiaoHui.CXJumpSystemApp;
				PRODUCT_NAME = "$(TARGET_NAME)";
				TARGETED_DEVICE_FAMILY = "1,2";
			};
			name = Release;
		};
/* End XCBuildConfiguration section */

/* Begin XCConfigurationList section */
		C01D2DC1215B83F400557FE0 /* Build configuration list for PBXProject "CXJumpSystemApp" */ = {
			isa = XCConfigurationList;
			buildConfigurations = (
				C01D2DDA215B83F500557FE0 /* Debug */,
				C01D2DDB215B83F500557FE0 /* Release */,
			);
			defaultConfigurationIsVisible = 0;
			defaultConfigurationName = Release;
		};
		C01D2DDC215B83F500557FE0 /* Build configuration list for PBXNativeTarget "CXJumpSystemApp" */ = {
			isa = XCConfigurationList;
			buildConfigurations = (
				C01D2DDD215B83F500557FE0 /* Debug */,
				C01D2DDE215B83F500557FE0 /* Release */,
			);
			defaultConfigurationIsVisible = 0;
			defaultConfigurationName = Release;
		};
/* End XCConfigurationList section */
	};
	rootObject = C01D2DBE215B83F400557FE0 /* Project object */;
}
